
Microsoft Visual Studio Solution File, Format Version 12.00
# Visual Studio 2012
Project("{FAE04EC0-301F-11D3-BF4B-00C04F79EFBC}") = "CommonControlLibrary", "..\Libraries\CommonControlLibrary\CommonControlLibrary.csproj", "{62D00E59-3FCE-454B-8753-B63891FF2A44}"
EndProject
Project("{2150E333-8FDC-42A3-9474-1A3956D46DE8}") = "Libraries", "Libraries", "{3E3A8A9C-99E2-497D-ADF7-6DC04DC54824}"
EndProject
Project("{2150E333-8FDC-42A3-9474-1A3956D46DE8}") = "DataBaseBusinessLogicLibrary", "DataBaseBusinessLogicLibrary", "{4601FA0E-27B0-4668-BECB-6393AAC80479}"
EndProject
Project("{2150E333-8FDC-42A3-9474-1A3956D46DE8}") = "EntityFrameWork", "EntityFrameWork", "{961207A7-8E66-419B-9A25-737073A194A9}"
EndProject
Project("{FAE04EC0-301F-11D3-BF4B-00C04F79EFBC}") = "CommonUserControls", "..\Libraries\CommonUserControls\CommonUserControls.csproj", "{7EAA41E3-3785-4AF9-B18D-209F882E7FD8}"
EndProject
Project("{FAE04EC0-301F-11D3-BF4B-00C04F79EFBC}") = "MerkDataBaseBusinessLogicProject", "MerkDataBaseBusinessLogicProject\MerkDataBaseBusinessLogicProject.csproj", "{01C542D3-1DE3-4F9F-A9A5-0AD614E675F1}"
EndProject
Project("{FAE04EC0-301F-11D3-BF4B-00C04F79EFBC}") = "CommonActions", "Common\CommonActions.csproj", "{A0089FDD-02E5-4F79-8B4C-DDEBD76DF570}"
EndProject
Project("{2150E333-8FDC-42A3-9474-1A3956D46DE8}") = "Applications", "Applications", "{043DF4AE-E519-48FE-B172-899D227F8AF5}"
EndProject
Project("{2150E333-8FDC-42A3-9474-1A3956D46DE8}") = "Hospitals", "Hospitals", "{1028CC79-C51A-48DE-ACA6-E43651EA8BD8}"
EndProject
Project("{FAE04EC0-301F-11D3-BF4B-00C04F79EFBC}") = "MVCBusinessLogicLibrary", "..\Libraries\MVCBusinessLogicLibrary\MVCBusinessLogicLibrary.csproj", "{C11A9643-68D1-431F-9D73-35D2BB9A08C7}"
EndProject
Project("{FAE04EC0-301F-11D3-BF4B-00C04F79EFBC}") = "Reception", "Applications\Hospitals\Reception\Reception.csproj", "{B27DD3EA-CB7C-4E0C-B5CD-6B956648EBE9}"
EndProject
Project("{FAE04EC0-301F-11D3-BF4B-00C04F79EFBC}") = "InvoicingManager", "Applications\Hospitals\InvoiceManager\InvoicingManager\InvoicingManager.csproj", "{51864F2D-DC4A-45EB-A078-983A2A6242D3}"
EndProject
Project("{2150E333-8FDC-42A3-9474-1A3956D46DE8}") = "MedicalApplications", "MedicalApplications", "{B05BE537-B6D5-457C-87E3-ED5649C5939C}"
EndProject
Project("{2150E333-8FDC-42A3-9474-1A3956D46DE8}") = "FinanceApplications", "FinanceApplications", "{DA61ABC3-2749-4DC2-BB3A-8395730800C6}"
EndProject
Project("{FAE04EC0-301F-11D3-BF4B-00C04F79EFBC}") = "ApplicationConfiguration", "ApplicationConfiguration\ApplicationConfiguration.csproj", "{88767B6B-1BC5-4B0E-8478-AED883E20AB4}"
EndProject
Project("{2150E333-8FDC-42A3-9474-1A3956D46DE8}") = "OtherTools", "OtherTools", "{07637649-3C62-40C7-8D07-4FECA004D355}"
EndProject
Project("{FAE04EC0-301F-11D3-BF4B-00C04F79EFBC}") = "ApplicationsSettingsTool", "Applications\Hospitals\OtherTools\ApplicationsSettingsTool\ApplicationsSettingsTool.csproj", "{002FFFC4-190B-4CA3-9E73-A59EB4A24943}"
EndProject
Project("{2150E333-8FDC-42A3-9474-1A3956D46DE8}") = "NonHospitalsApps", "NonHospitalsApps", "{989966D0-EFCE-4162-9376-3040A8E2E85D}"
EndProject
Project("{FAE04EC0-301F-11D3-BF4B-00C04F79EFBC}") = "MarketInvoiceCreation", "Applications\NonHospitalsApps\MarketInvoiceCreation\MarketInvoiceCreation.csproj", "{7EE62B50-B69C-46DC-8CA0-260F7F2081E1}"
EndProject
Project("{FAE04EC0-301F-11D3-BF4B-00C04F79EFBC}") = "PEMR", "Dental_EMR\PEMR.csproj", "{F9EDFF49-5C87-45CE-811F-BA97ED0C9995}"
EndProject
Project("{FAE04EC0-301F-11D3-BF4B-00C04F79EFBC}") = "QueueManager", "Applications\Hospitals\QueueManager\QueueManager\QueueManager.csproj", "{685CD4C0-BDA3-4B5D-A184-5AA5E5E36A21}"
EndProject
Project("{FAE04EC0-301F-11D3-BF4B-00C04F79EFBC}") = "MerkFinance", "MerkFinance\MerkFinance.csproj", "{D5193E59-3615-4445-A7A3-8679A648EB12}"
EndProject
Global
	GlobalSection(SolutionConfigurationPlatforms) = preSolution
		Debug|Any CPU = Debug|Any CPU
		Release|Any CPU = Release|Any CPU
	EndGlobalSection
	GlobalSection(ProjectConfigurationPlatforms) = postSolution
		{62D00E59-3FCE-454B-8753-B63891FF2A44}.Debug|Any CPU.ActiveCfg = Debug|Any CPU
		{62D00E59-3FCE-454B-8753-B63891FF2A44}.Debug|Any CPU.Build.0 = Debug|Any CPU
		{62D00E59-3FCE-454B-8753-B63891FF2A44}.Release|Any CPU.ActiveCfg = Release|Any CPU
		{62D00E59-3FCE-454B-8753-B63891FF2A44}.Release|Any CPU.Build.0 = Release|Any CPU
		{7EAA41E3-3785-4AF9-B18D-209F882E7FD8}.Debug|Any CPU.ActiveCfg = Debug|Any CPU
		{7EAA41E3-3785-4AF9-B18D-209F882E7FD8}.Debug|Any CPU.Build.0 = Debug|Any CPU
		{7EAA41E3-3785-4AF9-B18D-209F882E7FD8}.Release|Any CPU.ActiveCfg = Release|Any CPU
		{7EAA41E3-3785-4AF9-B18D-209F882E7FD8}.Release|Any CPU.Build.0 = Release|Any CPU
		{01C542D3-1DE3-4F9F-A9A5-0AD614E675F1}.Debug|Any CPU.ActiveCfg = Debug|Any CPU
		{01C542D3-1DE3-4F9F-A9A5-0AD614E675F1}.Debug|Any CPU.Build.0 = Debug|Any CPU
		{01C542D3-1DE3-4F9F-A9A5-0AD614E675F1}.Release|Any CPU.ActiveCfg = Release|Any CPU
		{01C542D3-1DE3-4F9F-A9A5-0AD614E675F1}.Release|Any CPU.Build.0 = Release|Any CPU
		{A0089FDD-02E5-4F79-8B4C-DDEBD76DF570}.Debug|Any CPU.ActiveCfg = Debug|Any CPU
		{A0089FDD-02E5-4F79-8B4C-DDEBD76DF570}.Debug|Any CPU.Build.0 = Debug|Any CPU
		{A0089FDD-02E5-4F79-8B4C-DDEBD76DF570}.Release|Any CPU.ActiveCfg = Release|Any CPU
		{A0089FDD-02E5-4F79-8B4C-DDEBD76DF570}.Release|Any CPU.Build.0 = Release|Any CPU
		{C11A9643-68D1-431F-9D73-35D2BB9A08C7}.Debug|Any CPU.ActiveCfg = Debug|Any CPU
		{C11A9643-68D1-431F-9D73-35D2BB9A08C7}.Debug|Any CPU.Build.0 = Debug|Any CPU
		{C11A9643-68D1-431F-9D73-35D2BB9A08C7}.Release|Any CPU.ActiveCfg = Release|Any CPU
		{C11A9643-68D1-431F-9D73-35D2BB9A08C7}.Release|Any CPU.Build.0 = Release|Any CPU
		{B27DD3EA-CB7C-4E0C-B5CD-6B956648EBE9}.Debug|Any CPU.ActiveCfg = Debug|Any CPU
		{B27DD3EA-CB7C-4E0C-B5CD-6B956648EBE9}.Debug|Any CPU.Build.0 = Debug|Any CPU
		{B27DD3EA-CB7C-4E0C-B5CD-6B956648EBE9}.Release|Any CPU.ActiveCfg = Release|Any CPU
		{B27DD3EA-CB7C-4E0C-B5CD-6B956648EBE9}.Release|Any CPU.Build.0 = Release|Any CPU
		{51864F2D-DC4A-45EB-A078-983A2A6242D3}.Debug|Any CPU.ActiveCfg = Debug|Any CPU
		{51864F2D-DC4A-45EB-A078-983A2A6242D3}.Debug|Any CPU.Build.0 = Debug|Any CPU
		{51864F2D-DC4A-45EB-A078-983A2A6242D3}.Release|Any CPU.ActiveCfg = Release|Any CPU
		{51864F2D-DC4A-45EB-A078-983A2A6242D3}.Release|Any CPU.Build.0 = Release|Any CPU
		{88767B6B-1BC5-4B0E-8478-AED883E20AB4}.Debug|Any CPU.ActiveCfg = Debug|Any CPU
		{88767B6B-1BC5-4B0E-8478-AED883E20AB4}.Debug|Any CPU.Build.0 = Debug|Any CPU
		{88767B6B-1BC5-4B0E-8478-AED883E20AB4}.Release|Any CPU.ActiveCfg = Release|Any CPU
		{88767B6B-1BC5-4B0E-8478-AED883E20AB4}.Release|Any CPU.Build.0 = Release|Any CPU
		{88767B6B-1BC5-4B0E-8478-AED883E20AB4}.Release|Any CPU.Deploy.0 = Release|Any CPU
		{002FFFC4-190B-4CA3-9E73-A59EB4A24943}.Debug|Any CPU.ActiveCfg = Debug|Any CPU
		{002FFFC4-190B-4CA3-9E73-A59EB4A24943}.Debug|Any CPU.Build.0 = Debug|Any CPU
		{002FFFC4-190B-4CA3-9E73-A59EB4A24943}.Release|Any CPU.ActiveCfg = Release|Any CPU
		{002FFFC4-190B-4CA3-9E73-A59EB4A24943}.Release|Any CPU.Build.0 = Release|Any CPU
		{7EE62B50-B69C-46DC-8CA0-260F7F2081E1}.Debug|Any CPU.ActiveCfg = Debug|Any CPU
		{7EE62B50-B69C-46DC-8CA0-260F7F2081E1}.Debug|Any CPU.Build.0 = Debug|Any CPU
		{7EE62B50-B69C-46DC-8CA0-260F7F2081E1}.Release|Any CPU.ActiveCfg = Release|Any CPU
		{7EE62B50-B69C-46DC-8CA0-260F7F2081E1}.Release|Any CPU.Build.0 = Release|Any CPU
		{F9EDFF49-5C87-45CE-811F-BA97ED0C9995}.Debug|Any CPU.ActiveCfg = Debug|Any CPU
		{F9EDFF49-5C87-45CE-811F-BA97ED0C9995}.Debug|Any CPU.Build.0 = Debug|Any CPU
		{F9EDFF49-5C87-45CE-811F-BA97ED0C9995}.Release|Any CPU.ActiveCfg = Release|Any CPU
		{F9EDFF49-5C87-45CE-811F-BA97ED0C9995}.Release|Any CPU.Build.0 = Release|Any CPU
		{685CD4C0-BDA3-4B5D-A184-5AA5E5E36A21}.Debug|Any CPU.ActiveCfg = Debug|Any CPU
		{685CD4C0-BDA3-4B5D-A184-5AA5E5E36A21}.Debug|Any CPU.Build.0 = Debug|Any CPU
		{685CD4C0-BDA3-4B5D-A184-5AA5E5E36A21}.Release|Any CPU.ActiveCfg = Release|Any CPU
		{685CD4C0-BDA3-4B5D-A184-5AA5E5E36A21}.Release|Any CPU.Build.0 = Release|Any CPU
		{D5193E59-3615-4445-A7A3-8679A648EB12}.Debug|Any CPU.ActiveCfg = Debug|Any CPU
		{D5193E59-3615-4445-A7A3-8679A648EB12}.Debug|Any CPU.Build.0 = Debug|Any CPU
		{D5193E59-3615-4445-A7A3-8679A648EB12}.Release|Any CPU.ActiveCfg = Release|Any CPU
		{D5193E59-3615-4445-A7A3-8679A648EB12}.Release|Any CPU.Build.0 = Release|Any CPU
	EndGlobalSection
	GlobalSection(SolutionProperties) = preSolution
		HideSolutionNode = FALSE
	EndGlobalSection
	GlobalSection(NestedProjects) = preSolution
		{62D00E59-3FCE-454B-8753-B63891FF2A44} = {3E3A8A9C-99E2-497D-ADF7-6DC04DC54824}
		{4601FA0E-27B0-4668-BECB-6393AAC80479} = {3E3A8A9C-99E2-497D-ADF7-6DC04DC54824}
		{7EAA41E3-3785-4AF9-B18D-209F882E7FD8} = {3E3A8A9C-99E2-497D-ADF7-6DC04DC54824}
		{A0089FDD-02E5-4F79-8B4C-DDEBD76DF570} = {3E3A8A9C-99E2-497D-ADF7-6DC04DC54824}
		{C11A9643-68D1-431F-9D73-35D2BB9A08C7} = {3E3A8A9C-99E2-497D-ADF7-6DC04DC54824}
		{88767B6B-1BC5-4B0E-8478-AED883E20AB4} = {3E3A8A9C-99E2-497D-ADF7-6DC04DC54824}
		{961207A7-8E66-419B-9A25-737073A194A9} = {4601FA0E-27B0-4668-BECB-6393AAC80479}
		{01C542D3-1DE3-4F9F-A9A5-0AD614E675F1} = {961207A7-8E66-419B-9A25-737073A194A9}
		{1028CC79-C51A-48DE-ACA6-E43651EA8BD8} = {043DF4AE-E519-48FE-B172-899D227F8AF5}
		{07637649-3C62-40C7-8D07-4FECA004D355} = {043DF4AE-E519-48FE-B172-899D227F8AF5}
		{989966D0-EFCE-4162-9376-3040A8E2E85D} = {043DF4AE-E519-48FE-B172-899D227F8AF5}
		{B27DD3EA-CB7C-4E0C-B5CD-6B956648EBE9} = {1028CC79-C51A-48DE-ACA6-E43651EA8BD8}
		{DA61ABC3-2749-4DC2-BB3A-8395730800C6} = {1028CC79-C51A-48DE-ACA6-E43651EA8BD8}
		{B05BE537-B6D5-457C-87E3-ED5649C5939C} = {1028CC79-C51A-48DE-ACA6-E43651EA8BD8}
		{685CD4C0-BDA3-4B5D-A184-5AA5E5E36A21} = {1028CC79-C51A-48DE-ACA6-E43651EA8BD8}
		{51864F2D-DC4A-45EB-A078-983A2A6242D3} = {DA61ABC3-2749-4DC2-BB3A-8395730800C6}
		{F9EDFF49-5C87-45CE-811F-BA97ED0C9995} = {B05BE537-B6D5-457C-87E3-ED5649C5939C}
		{002FFFC4-190B-4CA3-9E73-A59EB4A24943} = {07637649-3C62-40C7-8D07-4FECA004D355}
		{7EE62B50-B69C-46DC-8CA0-260F7F2081E1} = {989966D0-EFCE-4162-9376-3040A8E2E85D}
		{D5193E59-3615-4445-A7A3-8679A648EB12} = {989966D0-EFCE-4162-9376-3040A8E2E85D}
	EndGlobalSection
EndGlobal
